{
  "originHash" : "ed76b7650cbe32e0b94035e3be01b2ebd697f904ce340fafa1134615614c8cf6",
  "pins" : [
    {
      "identity" : "haishinkit.swift",
      "kind" : "remoteSourceControl",
      "location" : "https://github.com/HaishinKit/HaishinKit.swift",
      "state" : {
        "revision" : "dc880cb540b8feeb98f64e8b7dcfaaf320b6b2bd",
        "version" : "2.2.5"
      }
    },
    {
      "identity" : "logboard",
      "kind" : "remoteSourceControl",
      "location" : "https://github.com/shogo4405/Logboard.git",
      "state" : {
        "revision" : "8f41c63afb903040b77049ee2efa8c257b8c0d50",
        "version" : "2.6.0"
      }
    },
    {
      "identity" : "rcheevos",
      "kind" : "remoteSourceControl",
      "location" : "https://github.com/RetroAchievements/rcheevos",
      "state" : {
        "revision" : "e9ca3694c862b61235595176dac4b22677848c93",
        "version" : "12.3.0"
      }
    }
  ],
  "version" : 3
}
